
Microsoft Visual Studio Solution File, Format Version 12.00
# Visual Studio Version 16
VisualStudioVersion = 16.0.31911.196
MinimumVisualStudioVersion = 10.0.40219.1
Project("{2150E333-8FDC-42A3-9474-1A3956D46DE8}") = "src", "src", "{EE997114-DE27-48E5-9212-301F0CB8703D}"
EndProject
Project("{2150E333-8FDC-42A3-9474-1A3956D46DE8}") = "test", "test", "{A3303FBE-BE75-4EDA-AA54-060B847A0C07}"
EndProject
Project("{2150E333-8FDC-42A3-9474-1A3956D46DE8}") = "Solution Items", "Solution Items", "{65A92F32-8FC0-41EA-B302-26CD791D4DC9}"
	ProjectSection(SolutionItems) = preProject
		.editorconfig = .editorconfig
	EndProjectSection
EndProject
Project("{2150E333-8FDC-42A3-9474-1A3956D46DE8}") = "Domain", "Domain", "{ADFDDD30-EDD1-4A16-8F19-921146B7AA83}"
EndProject
Project("{2150E333-8FDC-42A3-9474-1A3956D46DE8}") = "Application", "Application", "{F19323D1-AA82-49FA-9E60-B5B40842CB20}"
EndProject
Project("{2150E333-8FDC-42A3-9474-1A3956D46DE8}") = "Infrastructure", "Infrastructure", "{6BF2191C-CFB3-4846-B870-A3191EAEDE5C}"
EndProject
Project("{2150E333-8FDC-42A3-9474-1A3956D46DE8}") = "Presentation", "Presentation", "{9957E56D-4522-4697-8A66-59CCF82DD708}"
EndProject
Project("{9A19103F-16F7-4668-BE54-9A1E7A4F7556}") = "CleanArchitecture.Domain", "src\Domain\CleanArchitecture.Domain\CleanArchitecture.Domain.csproj", "{C70B63C2-D7B9-4F54-91BB-163B6183E611}"
EndProject
Project("{9A19103F-16F7-4668-BE54-9A1E7A4F7556}") = "CleanArchitecture.Application", "src\Application\CleanArchitecture.Application\CleanArchitecture.Application.csproj", "{2D1E9061-85F0-4FE1-B929-16E9FCBACE45}"
EndProject
Project("{9A19103F-16F7-4668-BE54-9A1E7A4F7556}") = "CleanArchitecture.Presentation.WebApi", "src\Presentation\CleanArchitecture.Presentation.WebApi\CleanArchitecture.Presentation.WebApi.csproj", "{F525CE5B-9945-4234-96CD-BF26BBD4F003}"
EndProject
Project("{2150E333-8FDC-42A3-9474-1A3956D46DE8}") = "EntityFrameworkCore", "EntityFrameworkCore", "{CFF293D2-1A1E-440A-8C71-D8B8CE68A104}"
EndProject
Project("{9A19103F-16F7-4668-BE54-9A1E7A4F7556}") = "CleanArchitecture.Persistance.EntityFrameworkCore", "src\Infrastructure\CleanArchitecture.Persistance.EntityFrameworkCore\CleanArchitecture.Persistance.EntityFrameworkCore.csproj", "{D41BAC2C-DA6C-4EF8-889B-ADB62E2A1E34}"
EndProject
Project("{9A19103F-16F7-4668-BE54-9A1E7A4F7556}") = "CleanArchitecture.Persistance.EntityFrameworkCore.MySql", "src\Infrastructure\CleanArchitecture.Persistance.EntityFrameworkCore.MySql\CleanArchitecture.Persistance.EntityFrameworkCore.MySql.csproj", "{893FA7AA-A1FD-43F6-A521-9FA27631E83B}"
EndProject
Project("{9A19103F-16F7-4668-BE54-9A1E7A4F7556}") = "CleanArchitecture.Persistance.EntityFrameworkCore.SqlLite", "src\Infrastructure\CleanArchitecture.Persistance.EntityFrameworkCore.SqlLite\CleanArchitecture.Persistance.EntityFrameworkCore.SqlLite.csproj", "{14543D4B-B34E-4184-84CF-A94E051D6E07}"
EndProject
Project("{9A19103F-16F7-4668-BE54-9A1E7A4F7556}") = "CleanArchitecture.Persistance.EntityFrameworkCore.SqlServer", "src\Infrastructure\CleanArchitecture.Persistance.EntityFrameworkCore.SqlServer\CleanArchitecture.Persistance.EntityFrameworkCore.SqlServer.csproj", "{897230B2-A124-43A7-A7DD-C9B489EB5A6A}"
EndProject
Project("{9A19103F-16F7-4668-BE54-9A1E7A4F7556}") = "CleanArchitecture.Persistance.MongoDb", "src\Infrastructure\CleanArchitecture.Persistance.MongoDb\CleanArchitecture.Persistance.MongoDb.csproj", "{ECF7D42E-CA88-4664-8A06-9CE478721CB2}"
EndProject
Project("{9A19103F-16F7-4668-BE54-9A1E7A4F7556}") = "CleanArchitecture.Infrastructure", "src\Infrastructure\CleanArchitecture.Infrastructure\CleanArchitecture.Infrastructure.csproj", "{FF93FCD8-0F4C-480E-8F6C-F149011D953F}"
EndProject
Project("{FAE04EC0-301F-11D3-BF4B-00C04F79EFBC}") = "CleanArchitecture.Presentation.WPF", "src\Presentation\CleanArchitecture.Presentation.WPF\CleanArchitecture.Presentation.WPF.csproj", "{9E577C72-8FD7-4DB0-92FE-A835BEC770B1}"
EndProject
Global
	GlobalSection(SolutionConfigurationPlatforms) = preSolution
		Debug|Any CPU = Debug|Any CPU
		Release|Any CPU = Release|Any CPU
	EndGlobalSection
	GlobalSection(ProjectConfigurationPlatforms) = postSolution
		{C70B63C2-D7B9-4F54-91BB-163B6183E611}.Debug|Any CPU.ActiveCfg = Debug|Any CPU
		{C70B63C2-D7B9-4F54-91BB-163B6183E611}.Debug|Any CPU.Build.0 = Debug|Any CPU
		{C70B63C2-D7B9-4F54-91BB-163B6183E611}.Release|Any CPU.ActiveCfg = Release|Any CPU
		{C70B63C2-D7B9-4F54-91BB-163B6183E611}.Release|Any CPU.Build.0 = Release|Any CPU
		{2D1E9061-85F0-4FE1-B929-16E9FCBACE45}.Debug|Any CPU.ActiveCfg = Debug|Any CPU
		{2D1E9061-85F0-4FE1-B929-16E9FCBACE45}.Debug|Any CPU.Build.0 = Debug|Any CPU
		{2D1E9061-85F0-4FE1-B929-16E9FCBACE45}.Release|Any CPU.ActiveCfg = Release|Any CPU
		{2D1E9061-85F0-4FE1-B929-16E9FCBACE45}.Release|Any CPU.Build.0 = Release|Any CPU
		{F525CE5B-9945-4234-96CD-BF26BBD4F003}.Debug|Any CPU.ActiveCfg = Debug|Any CPU
		{F525CE5B-9945-4234-96CD-BF26BBD4F003}.Debug|Any CPU.Build.0 = Debug|Any CPU
		{F525CE5B-9945-4234-96CD-BF26BBD4F003}.Release|Any CPU.ActiveCfg = Release|Any CPU
		{F525CE5B-9945-4234-96CD-BF26BBD4F003}.Release|Any CPU.Build.0 = Release|Any CPU
		{D41BAC2C-DA6C-4EF8-889B-ADB62E2A1E34}.Debug|Any CPU.ActiveCfg = Debug|Any CPU
		{D41BAC2C-DA6C-4EF8-889B-ADB62E2A1E34}.Debug|Any CPU.Build.0 = Debug|Any CPU
		{D41BAC2C-DA6C-4EF8-889B-ADB62E2A1E34}.Release|Any CPU.ActiveCfg = Release|Any CPU
		{D41BAC2C-DA6C-4EF8-889B-ADB62E2A1E34}.Release|Any CPU.Build.0 = Release|Any CPU
		{893FA7AA-A1FD-43F6-A521-9FA27631E83B}.Debug|Any CPU.ActiveCfg = Debug|Any CPU
		{893FA7AA-A1FD-43F6-A521-9FA27631E83B}.Debug|Any CPU.Build.0 = Debug|Any CPU
		{893FA7AA-A1FD-43F6-A521-9FA27631E83B}.Release|Any CPU.ActiveCfg = Release|Any CPU
		{893FA7AA-A1FD-43F6-A521-9FA27631E83B}.Release|Any CPU.Build.0 = Release|Any CPU
		{14543D4B-B34E-4184-84CF-A94E051D6E07}.Debug|Any CPU.ActiveCfg = Debug|Any CPU
		{14543D4B-B34E-4184-84CF-A94E051D6E07}.Debug|Any CPU.Build.0 = Debug|Any CPU
		{14543D4B-B34E-4184-84CF-A94E051D6E07}.Release|Any CPU.ActiveCfg = Release|Any CPU
		{14543D4B-B34E-4184-84CF-A94E051D6E07}.Release|Any CPU.Build.0 = Release|Any CPU
		{897230B2-A124-43A7-A7DD-C9B489EB5A6A}.Debug|Any CPU.ActiveCfg = Debug|Any CPU
		{897230B2-A124-43A7-A7DD-C9B489EB5A6A}.Debug|Any CPU.Build.0 = Debug|Any CPU
		{897230B2-A124-43A7-A7DD-C9B489EB5A6A}.Release|Any CPU.ActiveCfg = Release|Any CPU
		{897230B2-A124-43A7-A7DD-C9B489EB5A6A}.Release|Any CPU.Build.0 = Release|Any CPU
		{ECF7D42E-CA88-4664-8A06-9CE478721CB2}.Debug|Any CPU.ActiveCfg = Debug|Any CPU
		{ECF7D42E-CA88-4664-8A06-9CE478721CB2}.Debug|Any CPU.Build.0 = Debug|Any CPU
		{ECF7D42E-CA88-4664-8A06-9CE478721CB2}.Release|Any CPU.ActiveCfg = Release|Any CPU
		{ECF7D42E-CA88-4664-8A06-9CE478721CB2}.Release|Any CPU.Build.0 = Release|Any CPU
		{FF93FCD8-0F4C-480E-8F6C-F149011D953F}.Debug|Any CPU.ActiveCfg = Debug|Any CPU
		{FF93FCD8-0F4C-480E-8F6C-F149011D953F}.Debug|Any CPU.Build.0 = Debug|Any CPU
		{FF93FCD8-0F4C-480E-8F6C-F149011D953F}.Release|Any CPU.ActiveCfg = Release|Any CPU
		{FF93FCD8-0F4C-480E-8F6C-F149011D953F}.Release|Any CPU.Build.0 = Release|Any CPU
		{9E577C72-8FD7-4DB0-92FE-A835BEC770B1}.Debug|Any CPU.ActiveCfg = Debug|Any CPU
		{9E577C72-8FD7-4DB0-92FE-A835BEC770B1}.Debug|Any CPU.Build.0 = Debug|Any CPU
		{9E577C72-8FD7-4DB0-92FE-A835BEC770B1}.Release|Any CPU.ActiveCfg = Release|Any CPU
		{9E577C72-8FD7-4DB0-92FE-A835BEC770B1}.Release|Any CPU.Build.0 = Release|Any CPU
	EndGlobalSection
	GlobalSection(SolutionProperties) = preSolution
		HideSolutionNode = FALSE
	EndGlobalSection
	GlobalSection(NestedProjects) = preSolution
		{ADFDDD30-EDD1-4A16-8F19-921146B7AA83} = {EE997114-DE27-48E5-9212-301F0CB8703D}
		{F19323D1-AA82-49FA-9E60-B5B40842CB20} = {EE997114-DE27-48E5-9212-301F0CB8703D}
		{6BF2191C-CFB3-4846-B870-A3191EAEDE5C} = {EE997114-DE27-48E5-9212-301F0CB8703D}
		{9957E56D-4522-4697-8A66-59CCF82DD708} = {EE997114-DE27-48E5-9212-301F0CB8703D}
		{C70B63C2-D7B9-4F54-91BB-163B6183E611} = {ADFDDD30-EDD1-4A16-8F19-921146B7AA83}
		{2D1E9061-85F0-4FE1-B929-16E9FCBACE45} = {F19323D1-AA82-49FA-9E60-B5B40842CB20}
		{F525CE5B-9945-4234-96CD-BF26BBD4F003} = {9957E56D-4522-4697-8A66-59CCF82DD708}
		{CFF293D2-1A1E-440A-8C71-D8B8CE68A104} = {6BF2191C-CFB3-4846-B870-A3191EAEDE5C}
		{D41BAC2C-DA6C-4EF8-889B-ADB62E2A1E34} = {CFF293D2-1A1E-440A-8C71-D8B8CE68A104}
		{893FA7AA-A1FD-43F6-A521-9FA27631E83B} = {CFF293D2-1A1E-440A-8C71-D8B8CE68A104}
		{14543D4B-B34E-4184-84CF-A94E051D6E07} = {CFF293D2-1A1E-440A-8C71-D8B8CE68A104}
		{897230B2-A124-43A7-A7DD-C9B489EB5A6A} = {CFF293D2-1A1E-440A-8C71-D8B8CE68A104}
		{ECF7D42E-CA88-4664-8A06-9CE478721CB2} = {6BF2191C-CFB3-4846-B870-A3191EAEDE5C}
		{FF93FCD8-0F4C-480E-8F6C-F149011D953F} = {6BF2191C-CFB3-4846-B870-A3191EAEDE5C}
		{9E577C72-8FD7-4DB0-92FE-A835BEC770B1} = {9957E56D-4522-4697-8A66-59CCF82DD708}
	EndGlobalSection
	GlobalSection(ExtensibilityGlobals) = postSolution
		SolutionGuid = {E913B91F-D144-45DF-8E7F-219000B0884F}
	EndGlobalSection
EndGlobal
